
Microsoft Visual Studio Solution File, Format Version 12.00
# Visual Studio Version 16
VisualStudioVersion = 16.0.29613.14
MinimumVisualStudioVersion = 10.0.40219.1
Project("{9A19103F-16F7-4668-BE54-9A1E7A4F7556}") = "Soccer.Common", "Soccer.Common\Soccer.Common.csproj", "{C5C8CD43-D3B6-45A6-994B-498F8326AC9F}"
EndProject
Project("{9A19103F-16F7-4668-BE54-9A1E7A4F7556}") = "Soccer.Web", "Soccer.Web\Soccer.Web.csproj", "{1D03B730-A3A9-4526-8367-39A9ED2FB523}"
EndProject
Project("{9A19103F-16F7-4668-BE54-9A1E7A4F7556}") = "Soccer.Prism", "Soccer.Prism\Soccer.Prism\Soccer.Prism.csproj", "{C92369B7-6747-41EC-AAB3-7662AB27D21C}"
EndProject
Project("{FAE04EC0-301F-11D3-BF4B-00C04F79EFBC}") = "Soccer.Prism.Android", "Soccer.Prism\Soccer.Prism.Android\Soccer.Prism.Android.csproj", "{9EB21424-7628-4D35-9483-145ADBE9F391}"
EndProject
Project("{FAE04EC0-301F-11D3-BF4B-00C04F79EFBC}") = "Soccer.Prism.iOS", "Soccer.Prism\Soccer.Prism.iOS\Soccer.Prism.iOS.csproj", "{221DC5FA-EDF0-487B-AEBC-311307837092}"
EndProject
Project("{FAE04EC0-301F-11D3-BF4B-00C04F79EFBC}") = "Soccer.Cross.Android", "Soccer.Cross.Android\Soccer.Cross.Android.csproj", "{A5F63707-DF2E-4DA9-A0CD-E08F33CF706A}"
EndProject
Project("{FAE04EC0-301F-11D3-BF4B-00C04F79EFBC}") = "Soccer.Cross.iOS", "Soccer.Cross.iOS\Soccer.Cross.iOS.csproj", "{A12DDA00-A8F2-4E9D-8A3A-E918B03394E5}"
EndProject
Global
	GlobalSection(SolutionConfigurationPlatforms) = preSolution
		Ad-Hoc|Any CPU = Ad-Hoc|Any CPU
		Ad-Hoc|iPhone = Ad-Hoc|iPhone
		Ad-Hoc|iPhoneSimulator = Ad-Hoc|iPhoneSimulator
		AppStore|Any CPU = AppStore|Any CPU
		AppStore|iPhone = AppStore|iPhone
		AppStore|iPhoneSimulator = AppStore|iPhoneSimulator
		Debug|Any CPU = Debug|Any CPU
		Debug|iPhone = Debug|iPhone
		Debug|iPhoneSimulator = Debug|iPhoneSimulator
		Release|Any CPU = Release|Any CPU
		Release|iPhone = Release|iPhone
		Release|iPhoneSimulator = Release|iPhoneSimulator
	EndGlobalSection
	GlobalSection(ProjectConfigurationPlatforms) = postSolution
		{C5C8CD43-D3B6-45A6-994B-498F8326AC9F}.Ad-Hoc|Any CPU.ActiveCfg = Release|Any CPU
		{C5C8CD43-D3B6-45A6-994B-498F8326AC9F}.Ad-Hoc|Any CPU.Build.0 = Release|Any CPU
		{C5C8CD43-D3B6-45A6-994B-498F8326AC9F}.Ad-Hoc|iPhone.ActiveCfg = Release|Any CPU
		{C5C8CD43-D3B6-45A6-994B-498F8326AC9F}.Ad-Hoc|iPhone.Build.0 = Release|Any CPU
		{C5C8CD43-D3B6-45A6-994B-498F8326AC9F}.Ad-Hoc|iPhoneSimulator.ActiveCfg = Release|Any CPU
		{C5C8CD43-D3B6-45A6-994B-498F8326AC9F}.Ad-Hoc|iPhoneSimulator.Build.0 = Release|Any CPU
		{C5C8CD43-D3B6-45A6-994B-498F8326AC9F}.AppStore|Any CPU.ActiveCfg = Release|Any CPU
		{C5C8CD43-D3B6-45A6-994B-498F8326AC9F}.AppStore|Any CPU.Build.0 = Release|Any CPU
		{C5C8CD43-D3B6-45A6-994B-498F8326AC9F}.AppStore|iPhone.ActiveCfg = Release|Any CPU
		{C5C8CD43-D3B6-45A6-994B-498F8326AC9F}.AppStore|iPhone.Build.0 = Release|Any CPU
		{C5C8CD43-D3B6-45A6-994B-498F8326AC9F}.AppStore|iPhoneSimulator.ActiveCfg = Release|Any CPU
		{C5C8CD43-D3B6-45A6-994B-498F8326AC9F}.AppStore|iPhoneSimulator.Build.0 = Release|Any CPU
		{C5C8CD43-D3B6-45A6-994B-498F8326AC9F}.Debug|Any CPU.ActiveCfg = Debug|Any CPU
		{C5C8CD43-D3B6-45A6-994B-498F8326AC9F}.Debug|Any CPU.Build.0 = Debug|Any CPU
		{C5C8CD43-D3B6-45A6-994B-498F8326AC9F}.Debug|iPhone.ActiveCfg = Debug|Any CPU
		{C5C8CD43-D3B6-45A6-994B-498F8326AC9F}.Debug|iPhone.Build.0 = Debug|Any CPU
		{C5C8CD43-D3B6-45A6-994B-498F8326AC9F}.Debug|iPhoneSimulator.ActiveCfg = Debug|Any CPU
		{C5C8CD43-D3B6-45A6-994B-498F8326AC9F}.Debug|iPhoneSimulator.Build.0 = Debug|Any CPU
		{C5C8CD43-D3B6-45A6-994B-498F8326AC9F}.Release|Any CPU.ActiveCfg = Release|Any CPU
		{C5C8CD43-D3B6-45A6-994B-498F8326AC9F}.Release|Any CPU.Build.0 = Release|Any CPU
		{C5C8CD43-D3B6-45A6-994B-498F8326AC9F}.Release|iPhone.ActiveCfg = Release|Any CPU
		{C5C8CD43-D3B6-45A6-994B-498F8326AC9F}.Release|iPhone.Build.0 = Release|Any CPU
		{C5C8CD43-D3B6-45A6-994B-498F8326AC9F}.Release|iPhoneSimulator.ActiveCfg = Release|Any CPU
		{C5C8CD43-D3B6-45A6-994B-498F8326AC9F}.Release|iPhoneSimulator.Build.0 = Release|Any CPU
		{1D03B730-A3A9-4526-8367-39A9ED2FB523}.Ad-Hoc|Any CPU.ActiveCfg = Release|Any CPU
		{1D03B730-A3A9-4526-8367-39A9ED2FB523}.Ad-Hoc|Any CPU.Build.0 = Release|Any CPU
		{1D03B730-A3A9-4526-8367-39A9ED2FB523}.Ad-Hoc|iPhone.ActiveCfg = Release|Any CPU
		{1D03B730-A3A9-4526-8367-39A9ED2FB523}.Ad-Hoc|iPhone.Build.0 = Release|Any CPU
		{1D03B730-A3A9-4526-8367-39A9ED2FB523}.Ad-Hoc|iPhoneSimulator.ActiveCfg = Release|Any CPU
		{1D03B730-A3A9-4526-8367-39A9ED2FB523}.Ad-Hoc|iPhoneSimulator.Build.0 = Release|Any CPU
		{1D03B730-A3A9-4526-8367-39A9ED2FB523}.AppStore|Any CPU.ActiveCfg = Release|Any CPU
		{1D03B730-A3A9-4526-8367-39A9ED2FB523}.AppStore|Any CPU.Build.0 = Release|Any CPU
		{1D03B730-A3A9-4526-8367-39A9ED2FB523}.AppStore|iPhone.ActiveCfg = Release|Any CPU
		{1D03B730-A3A9-4526-8367-39A9ED2FB523}.AppStore|iPhone.Build.0 = Release|Any CPU
		{1D03B730-A3A9-4526-8367-39A9ED2FB523}.AppStore|iPhoneSimulator.ActiveCfg = Release|Any CPU
		{1D03B730-A3A9-4526-8367-39A9ED2FB523}.AppStore|iPhoneSimulator.Build.0 = Release|Any CPU
		{1D03B730-A3A9-4526-8367-39A9ED2FB523}.Debug|Any CPU.ActiveCfg = Debug|Any CPU
		{1D03B730-A3A9-4526-8367-39A9ED2FB523}.Debug|Any CPU.Build.0 = Debug|Any CPU
		{1D03B730-A3A9-4526-8367-39A9ED2FB523}.Debug|iPhone.ActiveCfg = Debug|Any CPU
		{1D03B730-A3A9-4526-8367-39A9ED2FB523}.Debug|iPhone.Build.0 = Debug|Any CPU
		{1D03B730-A3A9-4526-8367-39A9ED2FB523}.Debug|iPhoneSimulator.ActiveCfg = Debug|Any CPU
		{1D03B730-A3A9-4526-8367-39A9ED2FB523}.Debug|iPhoneSimulator.Build.0 = Debug|Any CPU
		{1D03B730-A3A9-4526-8367-39A9ED2FB523}.Release|Any CPU.ActiveCfg = Release|Any CPU
		{1D03B730-A3A9-4526-8367-39A9ED2FB523}.Release|Any CPU.Build.0 = Release|Any CPU
		{1D03B730-A3A9-4526-8367-39A9ED2FB523}.Release|iPhone.ActiveCfg = Release|Any CPU
		{1D03B730-A3A9-4526-8367-39A9ED2FB523}.Release|iPhone.Build.0 = Release|Any CPU
		{1D03B730-A3A9-4526-8367-39A9ED2FB523}.Release|iPhoneSimulator.ActiveCfg = Release|Any CPU
		{1D03B730-A3A9-4526-8367-39A9ED2FB523}.Release|iPhoneSimulator.Build.0 = Release|Any CPU
		{C92369B7-6747-41EC-AAB3-7662AB27D21C}.Ad-Hoc|Any CPU.ActiveCfg = Debug|Any CPU
		{C92369B7-6747-41EC-AAB3-7662AB27D21C}.Ad-Hoc|Any CPU.Build.0 = Debug|Any CPU
		{C92369B7-6747-41EC-AAB3-7662AB27D21C}.Ad-Hoc|iPhone.ActiveCfg = Debug|Any CPU
		{C92369B7-6747-41EC-AAB3-7662AB27D21C}.Ad-Hoc|iPhone.Build.0 = Debug|Any CPU
		{C92369B7-6747-41EC-AAB3-7662AB27D21C}.Ad-Hoc|iPhoneSimulator.ActiveCfg = Debug|Any CPU
		{C92369B7-6747-41EC-AAB3-7662AB27D21C}.Ad-Hoc|iPhoneSimulator.Build.0 = Debug|Any CPU
		{C92369B7-6747-41EC-AAB3-7662AB27D21C}.AppStore|Any CPU.ActiveCfg = Debug|Any CPU
		{C92369B7-6747-41EC-AAB3-7662AB27D21C}.AppStore|Any CPU.Build.0 = Debug|Any CPU
		{C92369B7-6747-41EC-AAB3-7662AB27D21C}.AppStore|iPhone.ActiveCfg = Debug|Any CPU
		{C92369B7-6747-41EC-AAB3-7662AB27D21C}.AppStore|iPhone.Build.0 = Debug|Any CPU
		{C92369B7-6747-41EC-AAB3-7662AB27D21C}.AppStore|iPhoneSimulator.ActiveCfg = Debug|Any CPU
		{C92369B7-6747-41EC-AAB3-7662AB27D21C}.AppStore|iPhoneSimulator.Build.0 = Debug|Any CPU
		{C92369B7-6747-41EC-AAB3-7662AB27D21C}.Debug|Any CPU.ActiveCfg = Debug|Any CPU
		{C92369B7-6747-41EC-AAB3-7662AB27D21C}.Debug|Any CPU.Build.0 = Debug|Any CPU
		{C92369B7-6747-41EC-AAB3-7662AB27D21C}.Debug|iPhone.ActiveCfg = Debug|Any CPU
		{C92369B7-6747-41EC-AAB3-7662AB27D21C}.Debug|iPhone.Build.0 = Debug|Any CPU
		{C92369B7-6747-41EC-AAB3-7662AB27D21C}.Debug|iPhoneSimulator.ActiveCfg = Debug|Any CPU
		{C92369B7-6747-41EC-AAB3-7662AB27D21C}.Debug|iPhoneSimulator.Build.0 = Debug|Any CPU
		{C92369B7-6747-41EC-AAB3-7662AB27D21C}.Release|Any CPU.ActiveCfg = Release|Any CPU
		{C92369B7-6747-41EC-AAB3-7662AB27D21C}.Release|Any CPU.Build.0 = Release|Any CPU
		{C92369B7-6747-41EC-AAB3-7662AB27D21C}.Release|iPhone.ActiveCfg = Release|Any CPU
		{C92369B7-6747-41EC-AAB3-7662AB27D21C}.Release|iPhone.Build.0 = Release|Any CPU
		{C92369B7-6747-41EC-AAB3-7662AB27D21C}.Release|iPhoneSimulator.ActiveCfg = Release|Any CPU
		{C92369B7-6747-41EC-AAB3-7662AB27D21C}.Release|iPhoneSimulator.Build.0 = Release|Any CPU
		{9EB21424-7628-4D35-9483-145ADBE9F391}.Ad-Hoc|Any CPU.ActiveCfg = Release|Any CPU
		{9EB21424-7628-4D35-9483-145ADBE9F391}.Ad-Hoc|Any CPU.Build.0 = Release|Any CPU
		{9EB21424-7628-4D35-9483-145ADBE9F391}.Ad-Hoc|Any CPU.Deploy.0 = Release|Any CPU
		{9EB21424-7628-4D35-9483-145ADBE9F391}.Ad-Hoc|iPhone.ActiveCfg = Release|Any CPU
		{9EB21424-7628-4D35-9483-145ADBE9F391}.Ad-Hoc|iPhone.Build.0 = Release|Any CPU
		{9EB21424-7628-4D35-9483-145ADBE9F391}.Ad-Hoc|iPhone.Deploy.0 = Release|Any CPU
		{9EB21424-7628-4D35-9483-145ADBE9F391}.Ad-Hoc|iPhoneSimulator.ActiveCfg = Release|Any CPU
		{9EB21424-7628-4D35-9483-145ADBE9F391}.Ad-Hoc|iPhoneSimulator.Build.0 = Release|Any CPU
		{9EB21424-7628-4D35-9483-145ADBE9F391}.Ad-Hoc|iPhoneSimulator.Deploy.0 = Release|Any CPU
		{9EB21424-7628-4D35-9483-145ADBE9F391}.AppStore|Any CPU.ActiveCfg = Release|Any CPU
		{9EB21424-7628-4D35-9483-145ADBE9F391}.AppStore|Any CPU.Build.0 = Release|Any CPU
		{9EB21424-7628-4D35-9483-145ADBE9F391}.AppStore|Any CPU.Deploy.0 = Release|Any CPU
		{9EB21424-7628-4D35-9483-145ADBE9F391}.AppStore|iPhone.ActiveCfg = Release|Any CPU
		{9EB21424-7628-4D35-9483-145ADBE9F391}.AppStore|iPhone.Build.0 = Release|Any CPU
		{9EB21424-7628-4D35-9483-145ADBE9F391}.AppStore|iPhone.Deploy.0 = Release|Any CPU
		{9EB21424-7628-4D35-9483-145ADBE9F391}.AppStore|iPhoneSimulator.ActiveCfg = Release|Any CPU
		{9EB21424-7628-4D35-9483-145ADBE9F391}.AppStore|iPhoneSimulator.Build.0 = Release|Any CPU
		{9EB21424-7628-4D35-9483-145ADBE9F391}.AppStore|iPhoneSimulator.Deploy.0 = Release|Any CPU
		{9EB21424-7628-4D35-9483-145ADBE9F391}.Debug|Any CPU.ActiveCfg = Debug|Any CPU
		{9EB21424-7628-4D35-9483-145ADBE9F391}.Debug|Any CPU.Build.0 = Debug|Any CPU
		{9EB21424-7628-4D35-9483-145ADBE9F391}.Debug|Any CPU.Deploy.0 = Debug|Any CPU
		{9EB21424-7628-4D35-9483-145ADBE9F391}.Debug|iPhone.ActiveCfg = Debug|Any CPU
		{9EB21424-7628-4D35-9483-145ADBE9F391}.Debug|iPhone.Build.0 = Debug|Any CPU
		{9EB21424-7628-4D35-9483-145ADBE9F391}.Debug|iPhone.Deploy.0 = Debug|Any CPU
		{9EB21424-7628-4D35-9483-145ADBE9F391}.Debug|iPhoneSimulator.ActiveCfg = Debug|Any CPU
		{9EB21424-7628-4D35-9483-145ADBE9F391}.Debug|iPhoneSimulator.Build.0 = Debug|Any CPU
		{9EB21424-7628-4D35-9483-145ADBE9F391}.Debug|iPhoneSimulator.Deploy.0 = Debug|Any CPU
		{9EB21424-7628-4D35-9483-145ADBE9F391}.Release|Any CPU.ActiveCfg = Release|Any CPU
		{9EB21424-7628-4D35-9483-145ADBE9F391}.Release|Any CPU.Build.0 = Release|Any CPU
		{9EB21424-7628-4D35-9483-145ADBE9F391}.Release|Any CPU.Deploy.0 = Release|Any CPU
		{9EB21424-7628-4D35-9483-145ADBE9F391}.Release|iPhone.ActiveCfg = Release|Any CPU
		{9EB21424-7628-4D35-9483-145ADBE9F391}.Release|iPhone.Build.0 = Release|Any CPU
		{9EB21424-7628-4D35-9483-145ADBE9F391}.Release|iPhone.Deploy.0 = Release|Any CPU
		{9EB21424-7628-4D35-9483-145ADBE9F391}.Release|iPhoneSimulator.ActiveCfg = Release|Any CPU
		{9EB21424-7628-4D35-9483-145ADBE9F391}.Release|iPhoneSimulator.Build.0 = Release|Any CPU
		{9EB21424-7628-4D35-9483-145ADBE9F391}.Release|iPhoneSimulator.Deploy.0 = Release|Any CPU
		{221DC5FA-EDF0-487B-AEBC-311307837092}.Ad-Hoc|Any CPU.ActiveCfg = Ad-Hoc|iPhone
		{221DC5FA-EDF0-487B-AEBC-311307837092}.Ad-Hoc|iPhone.ActiveCfg = Ad-Hoc|iPhone
		{221DC5FA-EDF0-487B-AEBC-311307837092}.Ad-Hoc|iPhone.Build.0 = Ad-Hoc|iPhone
		{221DC5FA-EDF0-487B-AEBC-311307837092}.Ad-Hoc|iPhoneSimulator.ActiveCfg = Ad-Hoc|iPhoneSimulator
		{221DC5FA-EDF0-487B-AEBC-311307837092}.Ad-Hoc|iPhoneSimulator.Build.0 = Ad-Hoc|iPhoneSimulator
		{221DC5FA-EDF0-487B-AEBC-311307837092}.AppStore|Any CPU.ActiveCfg = AppStore|iPhone
		{221DC5FA-EDF0-487B-AEBC-311307837092}.AppStore|iPhone.ActiveCfg = AppStore|iPhone
		{221DC5FA-EDF0-487B-AEBC-311307837092}.AppStore|iPhone.Build.0 = AppStore|iPhone
		{221DC5FA-EDF0-487B-AEBC-311307837092}.AppStore|iPhoneSimulator.ActiveCfg = AppStore|iPhoneSimulator
		{221DC5FA-EDF0-487B-AEBC-311307837092}.AppStore|iPhoneSimulator.Build.0 = AppStore|iPhoneSimulator
		{221DC5FA-EDF0-487B-AEBC-311307837092}.Debug|Any CPU.ActiveCfg = Debug|iPhone
		{221DC5FA-EDF0-487B-AEBC-311307837092}.Debug|iPhone.ActiveCfg = Debug|iPhone
		{221DC5FA-EDF0-487B-AEBC-311307837092}.Debug|iPhone.Build.0 = Debug|iPhone
		{221DC5FA-EDF0-487B-AEBC-311307837092}.Debug|iPhoneSimulator.ActiveCfg = Debug|iPhoneSimulator
		{221DC5FA-EDF0-487B-AEBC-311307837092}.Debug|iPhoneSimulator.Build.0 = Debug|iPhoneSimulator
		{221DC5FA-EDF0-487B-AEBC-311307837092}.Release|Any CPU.ActiveCfg = Release|iPhone
		{221DC5FA-EDF0-487B-AEBC-311307837092}.Release|iPhone.ActiveCfg = Release|iPhone
		{221DC5FA-EDF0-487B-AEBC-311307837092}.Release|iPhone.Build.0 = Release|iPhone
		{221DC5FA-EDF0-487B-AEBC-311307837092}.Release|iPhoneSimulator.ActiveCfg = Release|iPhoneSimulator
		{221DC5FA-EDF0-487B-AEBC-311307837092}.Release|iPhoneSimulator.Build.0 = Release|iPhoneSimulator
		{A5F63707-DF2E-4DA9-A0CD-E08F33CF706A}.Ad-Hoc|Any CPU.ActiveCfg = Release|Any CPU
		{A5F63707-DF2E-4DA9-A0CD-E08F33CF706A}.Ad-Hoc|Any CPU.Build.0 = Release|Any CPU
		{A5F63707-DF2E-4DA9-A0CD-E08F33CF706A}.Ad-Hoc|Any CPU.Deploy.0 = Release|Any CPU
		{A5F63707-DF2E-4DA9-A0CD-E08F33CF706A}.Ad-Hoc|iPhone.ActiveCfg = Release|Any CPU
		{A5F63707-DF2E-4DA9-A0CD-E08F33CF706A}.Ad-Hoc|iPhone.Build.0 = Release|Any CPU
		{A5F63707-DF2E-4DA9-A0CD-E08F33CF706A}.Ad-Hoc|iPhone.Deploy.0 = Release|Any CPU
		{A5F63707-DF2E-4DA9-A0CD-E08F33CF706A}.Ad-Hoc|iPhoneSimulator.ActiveCfg = Release|Any CPU
		{A5F63707-DF2E-4DA9-A0CD-E08F33CF706A}.Ad-Hoc|iPhoneSimulator.Build.0 = Release|Any CPU
		{A5F63707-DF2E-4DA9-A0CD-E08F33CF706A}.Ad-Hoc|iPhoneSimulator.Deploy.0 = Release|Any CPU
		{A5F63707-DF2E-4DA9-A0CD-E08F33CF706A}.AppStore|Any CPU.ActiveCfg = Release|Any CPU
		{A5F63707-DF2E-4DA9-A0CD-E08F33CF706A}.AppStore|Any CPU.Build.0 = Release|Any CPU
		{A5F63707-DF2E-4DA9-A0CD-E08F33CF706A}.AppStore|Any CPU.Deploy.0 = Release|Any CPU
		{A5F63707-DF2E-4DA9-A0CD-E08F33CF706A}.AppStore|iPhone.ActiveCfg = Release|Any CPU
		{A5F63707-DF2E-4DA9-A0CD-E08F33CF706A}.AppStore|iPhone.Build.0 = Release|Any CPU
		{A5F63707-DF2E-4DA9-A0CD-E08F33CF706A}.AppStore|iPhone.Deploy.0 = Release|Any CPU
		{A5F63707-DF2E-4DA9-A0CD-E08F33CF706A}.AppStore|iPhoneSimulator.ActiveCfg = Release|Any CPU
		{A5F63707-DF2E-4DA9-A0CD-E08F33CF706A}.AppStore|iPhoneSimulator.Build.0 = Release|Any CPU
		{A5F63707-DF2E-4DA9-A0CD-E08F33CF706A}.AppStore|iPhoneSimulator.Deploy.0 = Release|Any CPU
		{A5F63707-DF2E-4DA9-A0CD-E08F33CF706A}.Debug|Any CPU.ActiveCfg = Debug|Any CPU
		{A5F63707-DF2E-4DA9-A0CD-E08F33CF706A}.Debug|Any CPU.Build.0 = Debug|Any CPU
		{A5F63707-DF2E-4DA9-A0CD-E08F33CF706A}.Debug|Any CPU.Deploy.0 = Debug|Any CPU
		{A5F63707-DF2E-4DA9-A0CD-E08F33CF706A}.Debug|iPhone.ActiveCfg = Debug|Any CPU
		{A5F63707-DF2E-4DA9-A0CD-E08F33CF706A}.Debug|iPhone.Build.0 = Debug|Any CPU
		{A5F63707-DF2E-4DA9-A0CD-E08F33CF706A}.Debug|iPhone.Deploy.0 = Debug|Any CPU
		{A5F63707-DF2E-4DA9-A0CD-E08F33CF706A}.Debug|iPhoneSimulator.ActiveCfg = Debug|Any CPU
		{A5F63707-DF2E-4DA9-A0CD-E08F33CF706A}.Debug|iPhoneSimulator.Build.0 = Debug|Any CPU
		{A5F63707-DF2E-4DA9-A0CD-E08F33CF706A}.Debug|iPhoneSimulator.Deploy.0 = Debug|Any CPU
		{A5F63707-DF2E-4DA9-A0CD-E08F33CF706A}.Release|Any CPU.ActiveCfg = Release|Any CPU
		{A5F63707-DF2E-4DA9-A0CD-E08F33CF706A}.Release|Any CPU.Build.0 = Release|Any CPU
		{A5F63707-DF2E-4DA9-A0CD-E08F33CF706A}.Release|Any CPU.Deploy.0 = Release|Any CPU
		{A5F63707-DF2E-4DA9-A0CD-E08F33CF706A}.Release|iPhone.ActiveCfg = Release|Any CPU
		{A5F63707-DF2E-4DA9-A0CD-E08F33CF706A}.Release|iPhone.Build.0 = Release|Any CPU
		{A5F63707-DF2E-4DA9-A0CD-E08F33CF706A}.Release|iPhone.Deploy.0 = Release|Any CPU
		{A5F63707-DF2E-4DA9-A0CD-E08F33CF706A}.Release|iPhoneSimulator.ActiveCfg = Release|Any CPU
		{A5F63707-DF2E-4DA9-A0CD-E08F33CF706A}.Release|iPhoneSimulator.Build.0 = Release|Any CPU
		{A5F63707-DF2E-4DA9-A0CD-E08F33CF706A}.Release|iPhoneSimulator.Deploy.0 = Release|Any CPU
		{A12DDA00-A8F2-4E9D-8A3A-E918B03394E5}.Ad-Hoc|Any CPU.ActiveCfg = Release|iPhone
		{A12DDA00-A8F2-4E9D-8A3A-E918B03394E5}.Ad-Hoc|Any CPU.Build.0 = Release|iPhone
		{A12DDA00-A8F2-4E9D-8A3A-E918B03394E5}.Ad-Hoc|iPhone.ActiveCfg = Release|iPhone
		{A12DDA00-A8F2-4E9D-8A3A-E918B03394E5}.Ad-Hoc|iPhone.Build.0 = Release|iPhone
		{A12DDA00-A8F2-4E9D-8A3A-E918B03394E5}.Ad-Hoc|iPhoneSimulator.ActiveCfg = Release|iPhoneSimulator
		{A12DDA00-A8F2-4E9D-8A3A-E918B03394E5}.Ad-Hoc|iPhoneSimulator.Build.0 = Release|iPhoneSimulator
		{A12DDA00-A8F2-4E9D-8A3A-E918B03394E5}.AppStore|Any CPU.ActiveCfg = Release|iPhone
		{A12DDA00-A8F2-4E9D-8A3A-E918B03394E5}.AppStore|Any CPU.Build.0 = Release|iPhone
		{A12DDA00-A8F2-4E9D-8A3A-E918B03394E5}.AppStore|iPhone.ActiveCfg = Release|iPhone
		{A12DDA00-A8F2-4E9D-8A3A-E918B03394E5}.AppStore|iPhone.Build.0 = Release|iPhone
		{A12DDA00-A8F2-4E9D-8A3A-E918B03394E5}.AppStore|iPhoneSimulator.ActiveCfg = Release|iPhoneSimulator
		{A12DDA00-A8F2-4E9D-8A3A-E918B03394E5}.AppStore|iPhoneSimulator.Build.0 = Release|iPhoneSimulator
		{A12DDA00-A8F2-4E9D-8A3A-E918B03394E5}.Debug|Any CPU.ActiveCfg = Debug|iPhone
		{A12DDA00-A8F2-4E9D-8A3A-E918B03394E5}.Debug|iPhone.ActiveCfg = Debug|iPhone
		{A12DDA00-A8F2-4E9D-8A3A-E918B03394E5}.Debug|iPhone.Build.0 = Debug|iPhone
		{A12DDA00-A8F2-4E9D-8A3A-E918B03394E5}.Debug|iPhoneSimulator.ActiveCfg = Debug|iPhoneSimulator
		{A12DDA00-A8F2-4E9D-8A3A-E918B03394E5}.Debug|iPhoneSimulator.Build.0 = Debug|iPhoneSimulator
		{A12DDA00-A8F2-4E9D-8A3A-E918B03394E5}.Release|Any CPU.ActiveCfg = Release|iPhone
		{A12DDA00-A8F2-4E9D-8A3A-E918B03394E5}.Release|iPhone.ActiveCfg = Release|iPhone
		{A12DDA00-A8F2-4E9D-8A3A-E918B03394E5}.Release|iPhone.Build.0 = Release|iPhone
		{A12DDA00-A8F2-4E9D-8A3A-E918B03394E5}.Release|iPhoneSimulator.ActiveCfg = Release|iPhoneSimulator
		{A12DDA00-A8F2-4E9D-8A3A-E918B03394E5}.Release|iPhoneSimulator.Build.0 = Release|iPhoneSimulator
	EndGlobalSection
	GlobalSection(SolutionProperties) = preSolution
		HideSolutionNode = FALSE
	EndGlobalSection
	GlobalSection(ExtensibilityGlobals) = postSolution
		SolutionGuid = {ADF691A5-B962-40AE-B13F-620BA2718EE0}
	EndGlobalSection
EndGlobal
